// !$*UTF8*$!
{
	archiveVersion = 1;
	classes = {
	};
	objectVersion = 55;
	objects = {

/* Begin PBXBuildFile section */
		04DD1694281B250000F1331E /* AppDelegate.swift in Sources */ = {isa = PBXBuildFile; fileRef = 04DD1693281B250000F1331E /* AppDelegate.swift */; };
		04DD169D281B250100F1331E /* Assets.xcassets in Resources */ = {isa = PBXBuildFile; fileRef = 04DD169C281B250100F1331E /* Assets.xcassets */; };
		04DD16A0281B250100F1331E /* LaunchScreen.storyboard in Resources */ = {isa = PBXBuildFile; fileRef = 04DD169E281B250100F1331E /* LaunchScreen.storyboard */; };
		04DD16AB281B27DA00F1331E /* NewsFeedViewController.swift in Sources */ = {isa = PBXBuildFile; fileRef = 04DD16AA281B27DA00F1331E /* NewsFeedViewController.swift */; };
		04DD16BA281B2DE900F1331E /* Article.swift in Sources */ = {isa = PBXBuildFile; fileRef = 04DD16B7281B2DE900F1331E /* Article.swift */; };
		04DD16BB281B2DE900F1331E /* NewsFeed.swift in Sources */ = {isa = PBXBuildFile; fileRef = 04DD16B8281B2DE900F1331E /* NewsFeed.swift */; };
		04DD16C2281B3BAA00F1331E /* NewsFeedService.swift in Sources */ = {isa = PBXBuildFile; fileRef = 04DD16C1281B3BAA00F1331E /* NewsFeedService.swift */; };
		C390C2102FDB44C7EAEFF9C7 /* Pods_StockTickers.framework in Frameworks */ = {isa = PBXBuildFile; fileRef = 7E0A1AF02DEBD8CC29668E2A /* Pods_StockTickers.framework */; };
/* End PBXBuildFile section */

/* Begin PBXFileReference section */
		04DD1690281B250000F1331E /* StockTickers.app */ = {isa = PBXFileReference; explicitFileType = wrapper.application; includeInIndex = 0; path = StockTickers.app; sourceTree = BUILT_PRODUCTS_DIR; };
		04DD1693281B250000F1331E /* AppDelegate.swift */ = {isa = PBXFileReference; lastKnownFileType = sourcecode.swift; path = AppDelegate.swift; sourceTree = "<group>"; };
		04DD169C281B250100F1331E /* Assets.xcassets */ = {isa = PBXFileReference; lastKnownFileType = folder.assetcatalog; path = Assets.xcassets; sourceTree = "<group>"; };
		04DD169F281B250100F1331E /* Base */ = {isa = PBXFileReference; lastKnownFileType = file.storyboard; name = Base; path = Base.lproj/LaunchScreen.storyboard; sourceTree = "<group>"; };
		04DD16A1281B250100F1331E /* Info.plist */ = {isa = PBXFileReference; lastKnownFileType = text.plist.xml; path = Info.plist; sourceTree = "<group>"; };
		04DD16AA281B27DA00F1331E /* NewsFeedViewController.swift */ = {isa = PBXFileReference; lastKnownFileType = sourcecode.swift; path = NewsFeedViewController.swift; sourceTree = "<group>"; };
		04DD16B7281B2DE900F1331E /* Article.swift */ = {isa = PBXFileReference; fileEncoding = 4; lastKnownFileType = sourcecode.swift; path = Article.swift; sourceTree = "<group>"; };
		04DD16B8281B2DE900F1331E /* NewsFeed.swift */ = {isa = PBXFileReference; fileEncoding = 4; lastKnownFileType = sourcecode.swift; path = NewsFeed.swift; sourceTree = "<group>"; };
		04DD16C1281B3BAA00F1331E /* NewsFeedService.swift */ = {isa = PBXFileReference; lastKnownFileType = sourcecode.swift; path = NewsFeedService.swift; sourceTree = "<group>"; };
		7E0A1AF02DEBD8CC29668E2A /* Pods_StockTickers.framework */ = {isa = PBXFileReference; explicitFileType = wrapper.framework; includeInIndex = 0; path = Pods_StockTickers.framework; sourceTree = BUILT_PRODUCTS_DIR; };
		C3FCBB9CBE616210E00D0477 /* Pods-StockTickers.release.xcconfig */ = {isa = PBXFileReference; includeInIndex = 1; lastKnownFileType = text.xcconfig; name = "Pods-StockTickers.release.xcconfig"; path = "Target Support Files/Pods-StockTickers/Pods-StockTickers.release.xcconfig"; sourceTree = "<group>"; };
		F5E0264A3F47D1AC81BA2398 /* Pods-StockTickers.debug.xcconfig */ = {isa = PBXFileReference; includeInIndex = 1; lastKnownFileType = text.xcconfig; name = "Pods-StockTickers.debug.xcconfig"; path = "Target Support Files/Pods-StockTickers/Pods-StockTickers.debug.xcconfig"; sourceTree = "<group>"; };
/* End PBXFileReference section */

/* Begin PBXFrameworksBuildPhase section */
		04DD168D281B250000F1331E /* Frameworks */ = {
			isa = PBXFrameworksBuildPhase;
			buildActionMask = 2147483647;
			files = (
				C390C2102FDB44C7EAEFF9C7 /* Pods_StockTickers.framework in Frameworks */,
			);
			runOnlyForDeploymentPostprocessing = 0;
		};
/* End PBXFrameworksBuildPhase section */

/* Begin PBXGroup section */
		04DD1687281B250000F1331E = {
			isa = PBXGroup;
			children = (
				04DD1692281B250000F1331E /* StockTickers */,
				04DD1691281B250000F1331E /* Products */,
				D92FA53DF227E0DCB3835C1D /* Pods */,
				930C56813A4FD02E3C678877 /* Frameworks */,
			);
			sourceTree = "<group>";
		};
		04DD1691281B250000F1331E /* Products */ = {
			isa = PBXGroup;
			children = (
				04DD1690281B250000F1331E /* StockTickers.app */,
			);
			name = Products;
			sourceTree = "<group>";
		};
		04DD1692281B250000F1331E /* StockTickers */ = {
			isa = PBXGroup;
			children = (
				04DD16AF281B292200F1331E /* Controllers */,
				04DD16AE281B28F200F1331E /* Storyboards */,
				04DD16BC281B32FC00F1331E /* Models */,
				04DD16C3281B3BC400F1331E /* Services */,
				04DD1693281B250000F1331E /* AppDelegate.swift */,
				04DD16A1281B250100F1331E /* Info.plist */,
				04DD169C281B250100F1331E /* Assets.xcassets */,
			);
			path = StockTickers;
			sourceTree = "<group>";
		};
		04DD16AE281B28F200F1331E /* Storyboards */ = {
			isa = PBXGroup;
			children = (
				04DD169E281B250100F1331E /* LaunchScreen.storyboard */,
			);
			path = Storyboards;
			sourceTree = "<group>";
		};
		04DD16AF281B292200F1331E /* Controllers */ = {
			isa = PBXGroup;
			children = (
				04DD16AA281B27DA00F1331E /* NewsFeedViewController.swift */,
			);
			path = Controllers;
			sourceTree = "<group>";
		};
		04DD16BC281B32FC00F1331E /* Models */ = {
			isa = PBXGroup;
			children = (
				04DD16B7281B2DE900F1331E /* Article.swift */,
				04DD16B8281B2DE900F1331E /* NewsFeed.swift */,
			);
			path = Models;
			sourceTree = "<group>";
		};
		04DD16C3281B3BC400F1331E /* Services */ = {
			isa = PBXGroup;
			children = (
				04DD16C1281B3BAA00F1331E /* NewsFeedService.swift */,
			);
			path = Services;
			sourceTree = "<group>";
		};
		930C56813A4FD02E3C678877 /* Frameworks */ = {
			isa = PBXGroup;
			children = (
				7E0A1AF02DEBD8CC29668E2A /* Pods_StockTickers.framework */,
			);
			name = Frameworks;
			sourceTree = "<group>";
		};
		D92FA53DF227E0DCB3835C1D /* Pods */ = {
			isa = PBXGroup;
			children = (
				F5E0264A3F47D1AC81BA2398 /* Pods-StockTickers.debug.xcconfig */,
				C3FCBB9CBE616210E00D0477 /* Pods-StockTickers.release.xcconfig */,
			);
			path = Pods;
			sourceTree = "<group>";
		};
/* End PBXGroup section */

/* Begin PBXNativeTarget section */
		04DD168F281B250000F1331E /* StockTickers */ = {
			isa = PBXNativeTarget;
			buildConfigurationList = 04DD16A4281B250100F1331E /* Build configuration list for PBXNativeTarget "StockTickers" */;
			buildPhases = (
				5EA1751F1EF37CF2A0586FAB /* [CP] Check Pods Manifest.lock */,
				04DD168C281B250000F1331E /* Sources */,
				04DD168D281B250000F1331E /* Frameworks */,
				04DD168E281B250000F1331E /* Resources */,
				D2ECC48C1C98762B162A6985 /* [CP] Embed Pods Frameworks */,
			);
			buildRules = (
			);
			dependencies = (
			);
			name = StockTickers;
			productName = StockTickers;
			productReference = 04DD1690281B250000F1331E /* StockTickers.app */;
			productType = "com.apple.product-type.application";
		};
/* End PBXNativeTarget section */

/* Begin PBXProject section */
		04DD1688281B250000F1331E /* Project object */ = {
			isa = PBXProject;
			attributes = {
				BuildIndependentTargetsInParallel = 1;
				LastSwiftUpdateCheck = 1330;
				LastUpgradeCheck = 1330;
				TargetAttributes = {
					04DD168F281B250000F1331E = {
						CreatedOnToolsVersion = 13.3.1;
					};
				};
			};
			buildConfigurationList = 04DD168B281B250000F1331E /* Build configuration list for PBXProject "StockTickers" */;
			compatibilityVersion = "Xcode 13.0";
			developmentRegion = en;
			hasScannedForEncodings = 0;
			knownRegions = (
				en,
				Base,
			);
			mainGroup = 04DD1687281B250000F1331E;
			productRefGroup = 04DD1691281B250000F1331E /* Products */;
			projectDirPath = "";
			projectRoot = "";
			targets = (
				04DD168F281B250000F1331E /* StockTickers */,
			);
		};
/* End PBXProject section */

/* Begin PBXResourcesBuildPhase section */
		04DD168E281B250000F1331E /* Resources */ = {
			isa = PBXResourcesBuildPhase;
			buildActionMask = 2147483647;
			files = (
				04DD16A0281B250100F1331E /* LaunchScreen.storyboard in Resources */,
				04DD169D281B250100F1331E /* Assets.xcassets in Resources */,
			);
			runOnlyForDeploymentPostprocessing = 0;
		};
/* End PBXResourcesBuildPhase section */

/* Begin PBXShellScriptBuildPhase section */
		5EA1751F1EF37CF2A0586FAB /* [CP] Check Pods Manifest.lock */ = {
			isa = PBXShellScriptBuildPhase;
			buildActionMask = 2147483647;
			files = (
			);
			inputFileListPaths = (
			);
			inputPaths = (
				"${PODS_PODFILE_DIR_PATH}/Podfile.lock",
				"${PODS_ROOT}/Manifest.lock",
			);
			name = "[CP] Check Pods Manifest.lock";
			outputFileListPaths = (
			);
			outputPaths = (
				"$(DERIVED_FILE_DIR)/Pods-StockTickers-checkManifestLockResult.txt",
			);
			runOnlyForDeploymentPostprocessing = 0;
			shellPath = /bin/sh;
			shellScript = "diff \"${PODS_PODFILE_DIR_PATH}/Podfile.lock\" \"${PODS_ROOT}/Manifest.lock\" > /dev/null\nif [ $? != 0 ] ; then\n    # print error to STDERR\n    echo \"error: The sandbox is not in sync with the Podfile.lock. Run 'pod install' or update your CocoaPods installation.\" >&2\n    exit 1\nfi\n# This output is used by Xcode 'outputs' to avoid re-running this script phase.\necho \"SUCCESS\" > \"${SCRIPT_OUTPUT_FILE_0}\"\n";
			showEnvVarsInLog = 0;
		};
		D2ECC48C1C98762B162A6985 /* [CP] Embed Pods Frameworks */ = {
			isa = PBXShellScriptBuildPhase;
			buildActionMask = 2147483647;
			files = (
			);
			inputFileListPaths = (
				"${PODS_ROOT}/Target Support Files/Pods-StockTickers/Pods-StockTickers-frameworks-${CONFIGURATION}-input-files.xcfilelist",
			);
			name = "[CP] Embed Pods Frameworks";
			outputFileListPaths = (
				"${PODS_ROOT}/Target Support Files/Pods-StockTickers/Pods-StockTickers-frameworks-${CONFIGURATION}-output-files.xcfilelist",
			);
			runOnlyForDeploymentPostprocessing = 0;
			shellPath = /bin/sh;
			shellScript = "\"${PODS_ROOT}/Target Support Files/Pods-StockTickers/Pods-StockTickers-frameworks.sh\"\n";
			showEnvVarsInLog = 0;
		};
/* End PBXShellScriptBuildPhase section */

/* Begin PBXSourcesBuildPhase section */
		04DD168C281B250000F1331E /* Sources */ = {
			isa = PBXSourcesBuildPhase;
			buildActionMask = 2147483647;
			files = (
				04DD16C2281B3BAA00F1331E /* NewsFeedService.swift in Sources */,
				04DD16BA281B2DE900F1331E /* Article.swift in Sources */,
				04DD1694281B250000F1331E /* AppDelegate.swift in Sources */,
				04DD16AB281B27DA00F1331E /* NewsFeedViewController.swift in Sources */,
				04DD16BB281B2DE900F1331E /* NewsFeed.swift in Sources */,
			);
			runOnlyForDeploymentPostprocessing = 0;
		};
/* End PBXSourcesBuildPhase section */

/* Begin PBXVariantGroup section */
		04DD169E281B250100F1331E /* LaunchScreen.storyboard */ = {
			isa = PBXVariantGroup;
			children = (
				04DD169F281B250100F1331E /* Base */,
			);
			name = LaunchScreen.storyboard;
			sourceTree = "<group>";
		};
/* End PBXVariantGroup section */

/* Begin XCBuildConfiguration section */
		04DD16A2281B250100F1331E /* Debug */ = {
			isa = XCBuildConfiguration;
			buildSettings = {
				ALWAYS_SEARCH_USER_PATHS = NO;
				CLANG_ANALYZER_NONNULL = YES;
				CLANG_ANALYZER_NUMBER_OBJECT_CONVERSION = YES_AGGRESSIVE;
				CLANG_CXX_LANGUAGE_STANDARD = "gnu++17";
				CLANG_ENABLE_MODULES = YES;
				CLANG_ENABLE_OBJC_ARC = YES;
				CLANG_ENABLE_OBJC_WEAK = YES;
				CLANG_WARN_BLOCK_CAPTURE_AUTORELEASING = YES;
				CLANG_WARN_BOOL_CONVERSION = YES;
				CLANG_WARN_COMMA = YES;
				CLANG_WARN_CONSTANT_CONVERSION = YES;
				CLANG_WARN_DEPRECATED_OBJC_IMPLEMENTATIONS = YES;
				CLANG_WARN_DIRECT_OBJC_ISA_USAGE = YES_ERROR;
				CLANG_WARN_DOCUMENTATION_COMMENTS = YES;
				CLANG_WARN_EMPTY_BODY = YES;
				CLANG_WARN_ENUM_CONVERSION = YES;
				CLANG_WARN_INFINITE_RECURSION = YES;
				CLANG_WARN_INT_CONVERSION = YES;
				CLANG_WARN_NON_LITERAL_NULL_CONVERSION = YES;
				CLANG_WARN_OBJC_IMPLICIT_RETAIN_SELF = YES;
				CLANG_WARN_OBJC_LITERAL_CONVERSION = YES;
				CLANG_WARN_OBJC_ROOT_CLASS = YES_ERROR;
				CLANG_WARN_QUOTED_INCLUDE_IN_FRAMEWORK_HEADER = YES;
				CLANG_WARN_RANGE_LOOP_ANALYSIS = YES;
				CLANG_WARN_STRICT_PROTOTYPES = YES;
				CLANG_WARN_SUSPICIOUS_MOVE = YES;
				CLANG_WARN_UNGUARDED_AVAILABILITY = YES_AGGRESSIVE;
				CLANG_WARN_UNREACHABLE_CODE = YES;
				CLANG_WARN__DUPLICATE_METHOD_MATCH = YES;
				COPY_PHASE_STRIP = NO;
				DEBUG_INFORMATION_FORMAT = dwarf;
				ENABLE_STRICT_OBJC_MSGSEND = YES;
				ENABLE_TESTABILITY = YES;
				GCC_C_LANGUAGE_STANDARD = gnu11;
				GCC_DYNAMIC_NO_PIC = NO;
				GCC_NO_COMMON_BLOCKS = YES;
				GCC_OPTIMIZATION_LEVEL = 0;
				GCC_PREPROCESSOR_DEFINITIONS = (
					"DEBUG=1",
					"$(inherited)",
				);
				GCC_WARN_64_TO_32_BIT_CONVERSION = YES;
				GCC_WARN_ABOUT_RETURN_TYPE = YES_ERROR;
				GCC_WARN_UNDECLARED_SELECTOR = YES;
				GCC_WARN_UNINITIALIZED_AUTOS = YES_AGGRESSIVE;
				GCC_WARN_UNUSED_FUNCTION = YES;
				GCC_WARN_UNUSED_VARIABLE = YES;
				IPHONEOS_DEPLOYMENT_TARGET = 15.4;
				MTL_ENABLE_DEBUG_INFO = INCLUDE_SOURCE;
				MTL_FAST_MATH = YES;
				ONLY_ACTIVE_ARCH = YES;
				SDKROOT = iphoneos;
				SWIFT_ACTIVE_COMPILATION_CONDITIONS = DEBUG;
				SWIFT_OPTIMIZATION_LEVEL = "-Onone";
			};
			name = Debug;
		};
		04DD16A3281B250100F1331E /* Release */ = {
			isa = XCBuildConfiguration;
			buildSettings = {
				ALWAYS_SEARCH_USER_PATHS = NO;
				CLANG_ANALYZER_NONNULL = YES;
				CLANG_ANALYZER_NUMBER_OBJECT_CONVERSION = YES_AGGRESSIVE;
				CLANG_CXX_LANGUAGE_STANDARD = "gnu++17";
				CLANG_ENABLE_MODULES = YES;
				CLANG_ENABLE_OBJC_ARC = YES;
				CLANG_ENABLE_OBJC_WEAK = YES;
				CLANG_WARN_BLOCK_CAPTURE_AUTORELEASING = YES;
				CLANG_WARN_BOOL_CONVERSION = YES;
				CLANG_WARN_COMMA = YES;
				CLANG_WARN_CONSTANT_CONVERSION = YES;
				CLANG_WARN_DEPRECATED_OBJC_IMPLEMENTATIONS = YES;
				CLANG_WARN_DIRECT_OBJC_ISA_USAGE = YES_ERROR;
				CLANG_WARN_DOCUMENTATION_COMMENTS = YES;
				CLANG_WARN_EMPTY_BODY = YES;
				CLANG_WARN_ENUM_CONVERSION = YES;
				CLANG_WARN_INFINITE_RECURSION = YES;
				CLANG_WARN_INT_CONVERSION = YES;
				CLANG_WARN_NON_LITERAL_NULL_CONVERSION = YES;
				CLANG_WARN_OBJC_IMPLICIT_RETAIN_SELF = YES;
				CLANG_WARN_OBJC_LITERAL_CONVERSION = YES;
				CLANG_WARN_OBJC_ROOT_CLASS = YES_ERROR;
				CLANG_WARN_QUOTED_INCLUDE_IN_FRAMEWORK_HEADER = YES;
				CLANG_WARN_RANGE_LOOP_ANALYSIS = YES;
				CLANG_WARN_STRICT_PROTOTYPES = YES;
				CLANG_WARN_SUSPICIOUS_MOVE = YES;
				CLANG_WARN_UNGUARDED_AVAILABILITY = YES_AGGRESSIVE;
				CLANG_WARN_UNREACHABLE_CODE = YES;
				CLANG_WARN__DUPLICATE_METHOD_MATCH = YES;
				COPY_PHASE_STRIP = NO;
				DEBUG_INFORMATION_FORMAT = "dwarf-with-dsym";
				ENABLE_NS_ASSERTIONS = NO;
				ENABLE_STRICT_OBJC_MSGSEND = YES;
				GCC_C_LANGUAGE_STANDARD = gnu11;
				GCC_NO_COMMON_BLOCKS = YES;
				GCC_WARN_64_TO_32_BIT_CONVERSION = YES;
				GCC_WARN_ABOUT_RETURN_TYPE = YES_ERROR;
				GCC_WARN_UNDECLARED_SELECTOR = YES;
				GCC_WARN_UNINITIALIZED_AUTOS = YES_AGGRESSIVE;
				GCC_WARN_UNUSED_FUNCTION = YES;
				GCC_WARN_UNUSED_VARIABLE = YES;
				IPHONEOS_DEPLOYMENT_TARGET = 15.4;
				MTL_ENABLE_DEBUG_INFO = NO;
				MTL_FAST_MATH = YES;
				SDKROOT = iphoneos;
				SWIFT_COMPILATION_MODE = wholemodule;
				SWIFT_OPTIMIZATION_LEVEL = "-O";
				VALIDATE_PRODUCT = YES;
			};
			name = Release;
		};
		04DD16A5281B250100F1331E /* Debug */ = {
			isa = XCBuildConfiguration;
			baseConfigurationReference = F5E0264A3F47D1AC81BA2398 /* Pods-StockTickers.debug.xcconfig */;
			buildSettings = {
				ASSETCATALOG_COMPILER_APPICON_NAME = AppIcon;
				ASSETCATALOG_COMPILER_GLOBAL_ACCENT_COLOR_NAME = AccentColor;
				CODE_SIGN_STYLE = Automatic;
				CURRENT_PROJECT_VERSION = 1;
				DEVELOPMENT_TEAM = 3CTEDJ84N8;
				GENERATE_INFOPLIST_FILE = YES;
				INFOPLIST_FILE = StockTickers/Info.plist;
				INFOPLIST_KEY_UIApplicationSupportsIndirectInputEvents = YES;
				INFOPLIST_KEY_UILaunchStoryboardName = LaunchScreen;
				INFOPLIST_KEY_UISupportedInterfaceOrientations_iPad = "UIInterfaceOrientationPortrait UIInterfaceOrientationPortraitUpsideDown UIInterfaceOrientationLandscapeLeft UIInterfaceOrientationLandscapeRight";
				INFOPLIST_KEY_UISupportedInterfaceOrientations_iPhone = "UIInterfaceOrientationPortrait UIInterfaceOrientationLandscapeLeft UIInterfaceOrientationLandscapeRight";
				LD_RUNPATH_SEARCH_PATHS = (
					"$(inherited)",
					"@executable_path/Frameworks",
				);
				MARKETING_VERSION = 1.0;
				PRODUCT_BUNDLE_IDENTIFIER = com.baraka.StockTickers;
				PRODUCT_NAME = "$(TARGET_NAME)";
				SWIFT_EMIT_LOC_STRINGS = YES;
				SWIFT_VERSION = 5.0;
				TARGETED_DEVICE_FAMILY = "1,2";
			};
			name = Debug;
		};
		04DD16A6281B250100F1331E /* Release */ = {
			isa = XCBuildConfiguration;
			baseConfigurationReference = C3FCBB9CBE616210E00D0477 /* Pods-StockTickers.release.xcconfig */;
			buildSettings = {
				ASSETCATALOG_COMPILER_APPICON_NAME = AppIcon;
				ASSETCATALOG_COMPILER_GLOBAL_ACCENT_COLOR_NAME = AccentColor;
				CODE_SIGN_STYLE = Automatic;
				CURRENT_PROJECT_VERSION = 1;
				DEVELOPMENT_TEAM = 3CTEDJ84N8;
				GENERATE_INFOPLIST_FILE = YES;
				INFOPLIST_FILE = StockTickers/Info.plist;
				INFOPLIST_KEY_UIApplicationSupportsIndirectInputEvents = YES;
				INFOPLIST_KEY_UILaunchStoryboardName = LaunchScreen;
				INFOPLIST_KEY_UISupportedInterfaceOrientations_iPad = "UIInterfaceOrientationPortrait UIInterfaceOrientationPortraitUpsideDown UIInterfaceOrientationLandscapeLeft UIInterfaceOrientationLandscapeRight";
				INFOPLIST_KEY_UISupportedInterfaceOrientations_iPhone = "UIInterfaceOrientationPortrait UIInterfaceOrientationLandscapeLeft UIInterfaceOrientationLandscapeRight";
				LD_RUNPATH_SEARCH_PATHS = (
					"$(inherited)",
					"@executable_path/Frameworks",
				);
				MARKETING_VERSION = 1.0;
				PRODUCT_BUNDLE_IDENTIFIER = com.baraka.StockTickers;
				PRODUCT_NAME = "$(TARGET_NAME)";
				SWIFT_EMIT_LOC_STRINGS = YES;
				SWIFT_VERSION = 5.0;
				TARGETED_DEVICE_FAMILY = "1,2";
			};
			name = Release;
		};
/* End XCBuildConfiguration section */

/* Begin XCConfigurationList section */
		04DD168B281B250000F1331E /* Build configuration list for PBXProject "StockTickers" */ = {
			isa = XCConfigurationList;
			buildConfigurations = (
				04DD16A2281B250100F1331E /* Debug */,
				04DD16A3281B250100F1331E /* Release */,
			);
			defaultConfigurationIsVisible = 0;
			defaultConfigurationName = Release;
		};
		04DD16A4281B250100F1331E /* Build configuration list for PBXNativeTarget "StockTickers" */ = {
			isa = XCConfigurationList;
			buildConfigurations = (
				04DD16A5281B250100F1331E /* Debug */,
				04DD16A6281B250100F1331E /* Release */,
			);
			defaultConfigurationIsVisible = 0;
			defaultConfigurationName = Release;
		};
/* End XCConfigurationList section */
	};
	rootObject = 04DD1688281B250000F1331E /* Project object */;
}
